
Microsoft Visual Studio Solution File, Format Version 12.00
Project("{FAE04EC0-301F-11D3-BF4B-00C04F79EFBC}") = "VG8KS3_LibraryApp.Api", "VG8KS3_LibraryApp.Api\VG8KS3_LibraryApp.Api.csproj", "{A51F6777-75DE-4DCB-B9A7-941CD058301A}"
EndProject
Global
	GlobalSection(SolutionConfigurationPlatforms) = preSolution
		Debug|Any CPU = Debug|Any CPU
		Release|Any CPU = Release|Any CPU
	EndGlobalSection
	GlobalSection(ProjectConfigurationPlatforms) = postSolution
		{A51F6777-75DE-4DCB-B9A7-941CD058301A}.Debug|Any CPU.ActiveCfg = Debug|Any CPU
		{A51F6777-75DE-4DCB-B9A7-941CD058301A}.Debug|Any CPU.Build.0 = Debug|Any CPU
		{A51F6777-75DE-4DCB-B9A7-941CD058301A}.Release|Any CPU.ActiveCfg = Release|Any CPU
		{A51F6777-75DE-4DCB-B9A7-941CD058301A}.Release|Any CPU.Build.0 = Release|Any CPU
	EndGlobalSection
EndGlobal
